// !$*UTF8*$!
{
	archiveVersion = 1;
	classes = {
	};
	objectVersion = 46;
	objects = {

/* Begin PBXBuildFile section */
		6FC4CCA21BF48253001F3176 /* main.m in Sources */ = {isa = PBXBuildFile; fileRef = 6FC4CCA11BF48253001F3176 /* main.m */; };
		6FC4CCA51BF48253001F3176 /* AppDelegate.m in Sources */ = {isa = PBXBuildFile; fileRef = 6FC4CCA41BF48253001F3176 /* AppDelegate.m */; };
		6FC4CCA81BF48253001F3176 /* ViewController.m in Sources */ = {isa = PBXBuildFile; fileRef = 6FC4CCA71BF48253001F3176 /* ViewController.m */; };
		6FC4CCAB1BF48253001F3176 /* Main.storyboard in Resources */ = {isa = PBXBuildFile; fileRef = 6FC4CCA91BF48253001F3176 /* Main.storyboard */; };
		6FC4CCAD1BF48253001F3176 /* Assets.xcassets in Resources */ = {isa = PBXBuildFile; fileRef = 6FC4CCAC1BF48253001F3176 /* Assets.xcassets */; };
		6FC4CCB01BF48253001F3176 /* LaunchScreen.storyboard in Resources */ = {isa = PBXBuildFile; fileRef = 6FC4CCAE1BF48253001F3176 /* LaunchScreen.storyboard */; };
/* End PBXBuildFile section */

/* Begin PBXFileReference section */
		6FC4CC9D1BF48253001F3176 /* GSEasyImageFilter.app */ = {isa = PBXFileReference; explicitFileType = wrapper.application; includeInIndex = 0; path = GSEasyImageFilter.app; sourceTree = BUILT_PRODUCTS_DIR; };
		6FC4CCA11BF48253001F3176 /* main.m */ = {isa = PBXFileReference; lastKnownFileType = sourcecode.c.objc; path = main.m; sourceTree = "<group>"; };
		6FC4CCA31BF48253001F3176 /* AppDelegate.h */ = {isa = PBXFileReference; lastKnownFileType = sourcecode.c.h; path = AppDelegate.h; sourceTree = "<group>"; };
		6FC4CCA41BF48253001F3176 /* AppDelegate.m */ = {isa = PBXFileReference; lastKnownFileType = sourcecode.c.objc; path = AppDelegate.m; sourceTree = "<group>"; };
		6FC4CCA61BF48253001F3176 /* ViewController.h */ = {isa = PBXFileReference; lastKnownFileType = sourcecode.c.h; path = ViewController.h; sourceTree = "<group>"; };
		6FC4CCA71BF48253001F3176 /* ViewController.m */ = {isa = PBXFileReference; lastKnownFileType = sourcecode.c.objc; path = ViewController.m; sourceTree = "<group>"; };
		6FC4CCAA1BF48253001F3176 /* Base */ = {isa = PBXFileReference; lastKnownFileType = file.storyboard; name = Base; path = Base.lproj/Main.storyboard; sourceTree = "<group>"; };
		6FC4CCAC1BF48253001F3176 /* Assets.xcassets */ = {isa = PBXFileReference; lastKnownFileType = folder.assetcatalog; path = Assets.xcassets; sourceTree = "<group>"; };
		6FC4CCAF1BF48253001F3176 /* Base */ = {isa = PBXFileReference; lastKnownFileType = file.storyboard; name = Base; path = Base.lproj/LaunchScreen.storyboard; sourceTree = "<group>"; };
		6FC4CCB11BF48253001F3176 /* Info.plist */ = {isa = PBXFileReference; lastKnownFileType = text.plist.xml; path = Info.plist; sourceTree = "<group>"; };
/* End PBXFileReference section */

/* Begin PBXFrameworksBuildPhase section */
		6FC4CC9A1BF48253001F3176 /* Frameworks */ = {
			isa = PBXFrameworksBuildPhase;
			buildActionMask = 2147483647;
			files = (
			);
			runOnlyForDeploymentPostprocessing = 0;
		};
/* End PBXFrameworksBuildPhase section */

/* Begin PBXGroup section */
		6FC4CC941BF48252001F3176 = {
			isa = PBXGroup;
			children = (
				6FC4CC9F1BF48253001F3176 /* GSEasyImageFilter */,
				6FC4CC9E1BF48253001F3176 /* Products */,
			);
			sourceTree = "<group>";
		};
		6FC4CC9E1BF48253001F3176 /* Products */ = {
			isa = PBXGroup;
			children = (
				6FC4CC9D1BF48253001F3176 /* GSEasyImageFilter.app */,
			);
			name = Products;
			sourceTree = "<group>";
		};
		6FC4CC9F1BF48253001F3176 /* GSEasyImageFilter */ = {
			isa = PBXGroup;
			children = (
				6FC4CCA31BF48253001F3176 /* AppDelegate.h */,
				6FC4CCA41BF48253001F3176 /* AppDelegate.m */,
				6FC4CCA61BF48253001F3176 /* ViewController.h */,
				6FC4CCA71BF48253001F3176 /* ViewController.m */,
				6FC4CCA91BF48253001F3176 /* Main.storyboard */,
				6FC4CCAC1BF48253001F3176 /* Assets.xcassets */,
				6FC4CCAE1BF48253001F3176 /* LaunchScreen.storyboard */,
				6FC4CCB11BF48253001F3176 /* Info.plist */,
				6FC4CCA01BF48253001F3176 /* Supporting Files */,
			);
			path = GSEasyImageFilter;
			sourceTree = "<group>";
		};
		6FC4CCA01BF48253001F3176 /* Supporting Files */ = {
			isa = PBXGroup;
			children = (
				6FC4CCA11BF48253001F3176 /* main.m */,
			);
			name = "Supporting Files";
			sourceTree = "<group>";
		};
/* End PBXGroup section */

/* Begin PBXNativeTarget section */
		6FC4CC9C1BF48253001F3176 /* GSEasyImageFilter */ = {
			isa = PBXNativeTarget;
			buildConfigurationList = 6FC4CCB41BF48253001F3176 /* Build configuration list for PBXNativeTarget "GSEasyImageFilter" */;
			buildPhases = (
				6FC4CC991BF48253001F3176 /* Sources */,
				6FC4CC9A1BF48253001F3176 /* Frameworks */,
				6FC4CC9B1BF48253001F3176 /* Resources */,
			);
			buildRules = (
			);
			dependencies = (
			);
			name = GSEasyImageFilter;
			productName = GSEasyImageFilter;
			productReference = 6FC4CC9D1BF48253001F3176 /* GSEasyImageFilter.app */;
			productType = "com.apple.product-type.application";
		};
/* End PBXNativeTarget section */

/* Begin PBXProject section */
		6FC4CC951BF48253001F3176 /* Project object */ = {
			isa = PBXProject;
			attributes = {
				LastUpgradeCheck = 0710;
				ORGANIZATIONNAME = liugs;
				TargetAttributes = {
					6FC4CC9C1BF48253001F3176 = {
						CreatedOnToolsVersion = 7.1;
					};
				};
			};
			buildConfigurationList = 6FC4CC981BF48253001F3176 /* Build configuration list for PBXProject "GSEasyImageFilter" */;
			compatibilityVersion = "Xcode 3.2";
			developmentRegion = English;
			hasScannedForEncodings = 0;
			knownRegions = (
				en,
				Base,
			);
			mainGroup = 6FC4CC941BF48252001F3176;
			productRefGroup = 6FC4CC9E1BF48253001F3176 /* Products */;
			projectDirPath = "";
			projectRoot = "";
			targets = (
				6FC4CC9C1BF48253001F3176 /* GSEasyImageFilter */,
			);
		};
/* End PBXProject section */

/* Begin PBXResourcesBuildPhase section */
		6FC4CC9B1BF48253001F3176 /* Resources */ = {
			isa = PBXResourcesBuildPhase;
			buildActionMask = 2147483647;
			files = (
				6FC4CCB01BF48253001F3176 /* LaunchScreen.storyboard in Resources */,
				6FC4CCAD1BF48253001F3176 /* Assets.xcassets in Resources */,
				6FC4CCAB1BF48253001F3176 /* Main.storyboard in Resources */,
			);
			runOnlyForDeploymentPostprocessing = 0;
		};
/* End PBXResourcesBuildPhase section */

/* Begin PBXSourcesBuildPhase section */
		6FC4CC991BF48253001F3176 /* Sources */ = {
			isa = PBXSourcesBuildPhase;
			buildActionMask = 2147483647;
			files = (
				6FC4CCA81BF48253001F3176 /* ViewController.m in Sources */,
				6FC4CCA51BF48253001F3176 /* AppDelegate.m in Sources */,
				6FC4CCA21BF48253001F3176 /* main.m in Sources */,
			);
			runOnlyForDeploymentPostprocessing = 0;
		};
/* End PBXSourcesBuildPhase section */

/* Begin PBXVariantGroup section */
		6FC4CCA91BF48253001F3176 /* Main.storyboard */ = {
			isa = PBXVariantGroup;
			children = (
				6FC4CCAA1BF48253001F3176 /* Base */,
			);
			name = Main.storyboard;
			sourceTree = "<group>";
		};
		6FC4CCAE1BF48253001F3176 /* LaunchScreen.storyboard */ = {
			isa = PBXVariantGroup;
			children = (
				6FC4CCAF1BF48253001F3176 /* Base */,
			);
			name = LaunchScreen.storyboard;
			sourceTree = "<group>";
		};
/* End PBXVariantGroup section */

/* Begin XCBuildConfiguration section */
		6FC4CCB21BF48253001F3176 /* Debug */ = {
			isa = XCBuildConfiguration;
			buildSettings = {
				ALWAYS_SEARCH_USER_PATHS = NO;
				CLANG_CXX_LANGUAGE_STANDARD = "gnu++0x";
				CLANG_CXX_LIBRARY = "libc++";
				CLANG_ENABLE_MODULES = YES;
				CLANG_ENABLE_OBJC_ARC = YES;
				CLANG_WARN_BOOL_CONVERSION = YES;
				CLANG_WARN_CONSTANT_CONVERSION = YES;
				CLANG_WARN_DIRECT_OBJC_ISA_USAGE = YES_ERROR;
				CLANG_WARN_EMPTY_BODY = YES;
				CLANG_WARN_ENUM_CONVERSION = YES;
				CLANG_WARN_INT_CONVERSION = YES;
				CLANG_WARN_OBJC_ROOT_CLASS = YES_ERROR;
				CLANG_WARN_UNREACHABLE_CODE = YES;
				CLANG_WARN__DUPLICATE_METHOD_MATCH = YES;
				"CODE_SIGN_IDENTITY[sdk=iphoneos*]" = "iPhone Developer";
				COPY_PHASE_STRIP = NO;
				DEBUG_INFORMATION_FORMAT = dwarf;
				ENABLE_STRICT_OBJC_MSGSEND = YES;
				ENABLE_TESTABILITY = YES;
				GCC_C_LANGUAGE_STANDARD = gnu99;
				GCC_DYNAMIC_NO_PIC = NO;
				GCC_NO_COMMON_BLOCKS = YES;
				GCC_OPTIMIZATION_LEVEL = 0;
				GCC_PREPROCESSOR_DEFINITIONS = (
					"DEBUG=1",
					"$(inherited)",
				);
				GCC_WARN_64_TO_32_BIT_CONVERSION = YES;
				GCC_WARN_ABOUT_RETURN_TYPE = YES_ERROR;
				GCC_WARN_UNDECLARED_SELECTOR = YES;
				GCC_WARN_UNINITIALIZED_AUTOS = YES_AGGRESSIVE;
				GCC_WARN_UNUSED_FUNCTION = YES;
				GCC_WARN_UNUSED_VARIABLE = YES;
				IPHONEOS_DEPLOYMENT_TARGET = 9.1;
				MTL_ENABLE_DEBUG_INFO = YES;
				ONLY_ACTIVE_ARCH = YES;
				SDKROOT = iphoneos;
			};
			name = Debug;
		};
		6FC4CCB31BF48253001F3176 /* Release */ = {
			isa = XCBuildConfiguration;
			buildSettings = {
				ALWAYS_SEARCH_USER_PATHS = NO;
				CLANG_CXX_LANGUAGE_STANDARD = "gnu++0x";
				CLANG_CXX_LIBRARY = "libc++";
				CLANG_ENABLE_MODULES = YES;
				CLANG_ENABLE_OBJC_ARC = YES;
				CLANG_WARN_BOOL_CONVERSION = YES;
				CLANG_WARN_CONSTANT_CONVERSION = YES;
				CLANG_WARN_DIRECT_OBJC_ISA_USAGE = YES_ERROR;
				CLANG_WARN_EMPTY_BODY = YES;
				CLANG_WARN_ENUM_CONVERSION = YES;
				CLANG_WARN_INT_CONVERSION = YES;
				CLANG_WARN_OBJC_ROOT_CLASS = YES_ERROR;
				CLANG_WARN_UNREACHABLE_CODE = YES;
				CLANG_WARN__DUPLICATE_METHOD_MATCH = YES;
				"CODE_SIGN_IDENTITY[sdk=iphoneos*]" = "iPhone Developer";
				COPY_PHASE_STRIP = NO;
				DEBUG_INFORMATION_FORMAT = "dwarf-with-dsym";
				ENABLE_NS_ASSERTIONS = NO;
				ENABLE_STRICT_OBJC_MSGSEND = YES;
				GCC_C_LANGUAGE_STANDARD = gnu99;
				GCC_NO_COMMON_BLOCKS = YES;
				GCC_WARN_64_TO_32_BIT_CONVERSION = YES;
				GCC_WARN_ABOUT_RETURN_TYPE = YES_ERROR;
				GCC_WARN_UNDECLARED_SELECTOR = YES;
				GCC_WARN_UNINITIALIZED_AUTOS = YES_AGGRESSIVE;
				GCC_WARN_UNUSED_FUNCTION = YES;
				GCC_WARN_UNUSED_VARIABLE = YES;
				IPHONEOS_DEPLOYMENT_TARGET = 9.1;
				MTL_ENABLE_DEBUG_INFO = NO;
				SDKROOT = iphoneos;
				VALIDATE_PRODUCT = YES;
			};
			name = Release;
		};
		6FC4CCB51BF48253001F3176 /* Debug */ = {
			isa = XCBuildConfiguration;
			buildSettings = {
				ASSETCATALOG_COMPILER_APPICON_NAME = AppIcon;
				INFOPLIST_FILE = GSEasyImageFilter/Info.plist;
				LD_RUNPATH_SEARCH_PATHS = "$(inherited) @executable_path/Frameworks";
				PRODUCT_BUNDLE_IDENTIFIER = com.test.GSEasyImageFilter;
				PRODUCT_NAME = "$(TARGET_NAME)";
			};
			name = Debug;
		};
		6FC4CCB61BF48253001F3176 /* Release */ = {
			isa = XCBuildConfiguration;
			buildSettings = {
				ASSETCATALOG_COMPILER_APPICON_NAME = AppIcon;
				INFOPLIST_FILE = GSEasyImageFilter/Info.plist;
				LD_RUNPATH_SEARCH_PATHS = "$(inherited) @executable_path/Frameworks";
				PRODUCT_BUNDLE_IDENTIFIER = com.test.GSEasyImageFilter;
				PRODUCT_NAME = "$(TARGET_NAME)";
			};
			name = Release;
		};
/* End XCBuildConfiguration section */

/* Begin XCConfigurationList section */
		6FC4CC981BF48253001F3176 /* Build configuration list for PBXProject "GSEasyImageFilter" */ = {
			isa = XCConfigurationList;
			buildConfigurations = (
				6FC4CCB21BF48253001F3176 /* Debug */,
				6FC4CCB31BF48253001F3176 /* Release */,
			);
			defaultConfigurationIsVisible = 0;
			defaultConfigurationName = Release;
		};
		6FC4CCB41BF48253001F3176 /* Build configuration list for PBXNativeTarget "GSEasyImageFilter" */ = {
			isa = XCConfigurationList;
			buildConfigurations = (
				6FC4CCB51BF48253001F3176 /* Debug */,
				6FC4CCB61BF48253001F3176 /* Release */,
			);
			defaultConfigurationIsVisible = 0;
		};
/* End XCConfigurationList section */
	};
	rootObject = 6FC4CC951BF48253001F3176 /* Project object */;
}
